
Microsoft Visual Studio Solution File, Format Version 12.00
# Visual Studio Version 17
VisualStudioVersion = 17.3.32819.101
MinimumVisualStudioVersion = 10.0.40219.1
Project("{9A19103F-16F7-4668-BE54-9A1E7A4F7556}") = "AnalogueClock", "AnalogueClock\AnalogueClock.csproj", "{EB1BB6D8-167B-4B78-844B-E91D8A9D5F8E}"
EndProject
Project("{FAE04EC0-301F-11D3-BF4B-00C04F79EFBC}") = "HierarchicalStructure", "HierarchicalStructure\HierarchicalStructure.csproj", "{B8DCE792-66B5-4EF2-A903-E166FC792941}"
EndProject
Global
	GlobalSection(SolutionConfigurationPlatforms) = preSolution
		Debug|Any CPU = Debug|Any CPU
		Release|Any CPU = Release|Any CPU
	EndGlobalSection
	GlobalSection(ProjectConfigurationPlatforms) = postSolution
		{EB1BB6D8-167B-4B78-844B-E91D8A9D5F8E}.Debug|Any CPU.ActiveCfg = Debug|Any CPU
		{EB1BB6D8-167B-4B78-844B-E91D8A9D5F8E}.Debug|Any CPU.Build.0 = Debug|Any CPU
		{EB1BB6D8-167B-4B78-844B-E91D8A9D5F8E}.Release|Any CPU.ActiveCfg = Release|Any CPU
		{EB1BB6D8-167B-4B78-844B-E91D8A9D5F8E}.Release|Any CPU.Build.0 = Release|Any CPU
		{B8DCE792-66B5-4EF2-A903-E166FC792941}.Debug|Any CPU.ActiveCfg = Debug|Any CPU
		{B8DCE792-66B5-4EF2-A903-E166FC792941}.Debug|Any CPU.Build.0 = Debug|Any CPU
		{B8DCE792-66B5-4EF2-A903-E166FC792941}.Release|Any CPU.ActiveCfg = Release|Any CPU
		{B8DCE792-66B5-4EF2-A903-E166FC792941}.Release|Any CPU.Build.0 = Release|Any CPU
	EndGlobalSection
	GlobalSection(SolutionProperties) = preSolution
		HideSolutionNode = FALSE
	EndGlobalSection
	GlobalSection(ExtensibilityGlobals) = postSolution
		SolutionGuid = {FE8AA110-3542-40E0-9C1D-85C64624EB96}
	EndGlobalSection
EndGlobal
